// !$*UTF8*$!
{
	archiveVersion = 1;
	classes = {
	};
	objectVersion = 46;
	objects = {

/* Begin PBXBuildFile section */
		115340621EF37BBA00707153 /* LocationImageVC.m in Sources */ = {isa = PBXBuildFile; fileRef = 115340611EF37BBA00707153 /* LocationImageVC.m */; };
		115340651EF37BD100707153 /* NetworkImageVC.m in Sources */ = {isa = PBXBuildFile; fileRef = 115340641EF37BD100707153 /* NetworkImageVC.m */; };
		11C453321EEEA44E00769BE0 /* main.m in Sources */ = {isa = PBXBuildFile; fileRef = 11C453311EEEA44E00769BE0 /* main.m */; };
		11C453351EEEA44E00769BE0 /* AppDelegate.m in Sources */ = {isa = PBXBuildFile; fileRef = 11C453341EEEA44E00769BE0 /* AppDelegate.m */; };
		11C453381EEEA44E00769BE0 /* ViewController.m in Sources */ = {isa = PBXBuildFile; fileRef = 11C453371EEEA44E00769BE0 /* ViewController.m */; };
		11C4533B1EEEA44E00769BE0 /* Main.storyboard in Resources */ = {isa = PBXBuildFile; fileRef = 11C453391EEEA44E00769BE0 /* Main.storyboard */; };
		11C4533D1EEEA44E00769BE0 /* Assets.xcassets in Resources */ = {isa = PBXBuildFile; fileRef = 11C4533C1EEEA44E00769BE0 /* Assets.xcassets */; };
		11C453401EEEA44E00769BE0 /* LaunchScreen.storyboard in Resources */ = {isa = PBXBuildFile; fileRef = 11C4533E1EEEA44E00769BE0 /* LaunchScreen.storyboard */; };
		11C4534B1EEEA44F00769BE0 /* CXPhotoBrowerTests.m in Sources */ = {isa = PBXBuildFile; fileRef = 11C4534A1EEEA44F00769BE0 /* CXPhotoBrowerTests.m */; };
		11C453561EEEA44F00769BE0 /* CXPhotoBrowerUITests.m in Sources */ = {isa = PBXBuildFile; fileRef = 11C453551EEEA44F00769BE0 /* CXPhotoBrowerUITests.m */; };
		11C453661EEF822E00769BE0 /* CXPhotoBrower.m in Sources */ = {isa = PBXBuildFile; fileRef = 11C453651EEF822E00769BE0 /* CXPhotoBrower.m */; };
		11C453691EEF825700769BE0 /* CXPhotoModel.m in Sources */ = {isa = PBXBuildFile; fileRef = 11C453681EEF825700769BE0 /* CXPhotoModel.m */; };
		11C4536C1EEF91AC00769BE0 /* CXPhotoImageView.m in Sources */ = {isa = PBXBuildFile; fileRef = 11C4536B1EEF91AC00769BE0 /* CXPhotoImageView.m */; };
		11C4536F1EEF91E900769BE0 /* CXPhotoCollectionCell.m in Sources */ = {isa = PBXBuildFile; fileRef = 11C4536E1EEF91E900769BE0 /* CXPhotoCollectionCell.m */; };
		11C4537E1EEFCDA600769BE0 /* 1.jpg in Resources */ = {isa = PBXBuildFile; fileRef = 11C453751EEFCDA600769BE0 /* 1.jpg */; };
		11C4537F1EEFCDA600769BE0 /* 2.jpg in Resources */ = {isa = PBXBuildFile; fileRef = 11C453761EEFCDA600769BE0 /* 2.jpg */; };
		11C453801EEFCDA600769BE0 /* 3.jpg in Resources */ = {isa = PBXBuildFile; fileRef = 11C453771EEFCDA600769BE0 /* 3.jpg */; };
		11C453811EEFCDA600769BE0 /* 4.jpg in Resources */ = {isa = PBXBuildFile; fileRef = 11C453781EEFCDA600769BE0 /* 4.jpg */; };
		11C453821EEFCDA600769BE0 /* 5.jpg in Resources */ = {isa = PBXBuildFile; fileRef = 11C453791EEFCDA600769BE0 /* 5.jpg */; };
		11C453831EEFCDA600769BE0 /* 6.jpg in Resources */ = {isa = PBXBuildFile; fileRef = 11C4537A1EEFCDA600769BE0 /* 6.jpg */; };
		11C453841EEFCDA600769BE0 /* 7.jpg in Resources */ = {isa = PBXBuildFile; fileRef = 11C4537B1EEFCDA600769BE0 /* 7.jpg */; };
		11C453851EEFCDA600769BE0 /* 8.jpg in Resources */ = {isa = PBXBuildFile; fileRef = 11C4537C1EEFCDA600769BE0 /* 8.jpg */; };
		11C453861EEFCDA600769BE0 /* 9.jpg in Resources */ = {isa = PBXBuildFile; fileRef = 11C4537D1EEFCDA600769BE0 /* 9.jpg */; };
		11DA652C1EF281B400C51CAB /* CXProgressHUD.m in Sources */ = {isa = PBXBuildFile; fileRef = 11DA652B1EF281B400C51CAB /* CXProgressHUD.m */; };
		1D8E289ACA920CCBE6BB3D92 /* libPods-CXPhotoBrower.a in Frameworks */ = {isa = PBXBuildFile; fileRef = E53860C6FD958EFF9A7C973D /* libPods-CXPhotoBrower.a */; };
/* End PBXBuildFile section */

/* Begin PBXContainerItemProxy section */
		11C453471EEEA44F00769BE0 /* PBXContainerItemProxy */ = {
			isa = PBXContainerItemProxy;
			containerPortal = 11C453251EEEA44E00769BE0 /* Project object */;
			proxyType = 1;
			remoteGlobalIDString = 11C4532C1EEEA44E00769BE0;
			remoteInfo = CXPhotoBrower;
		};
		11C453521EEEA44F00769BE0 /* PBXContainerItemProxy */ = {
			isa = PBXContainerItemProxy;
			containerPortal = 11C453251EEEA44E00769BE0 /* Project object */;
			proxyType = 1;
			remoteGlobalIDString = 11C4532C1EEEA44E00769BE0;
			remoteInfo = CXPhotoBrower;
		};
/* End PBXContainerItemProxy section */

/* Begin PBXFileReference section */
		115340601EF37BBA00707153 /* LocationImageVC.h */ = {isa = PBXFileReference; fileEncoding = 4; lastKnownFileType = sourcecode.c.h; path = LocationImageVC.h; sourceTree = "<group>"; };
		115340611EF37BBA00707153 /* LocationImageVC.m */ = {isa = PBXFileReference; fileEncoding = 4; lastKnownFileType = sourcecode.c.objc; path = LocationImageVC.m; sourceTree = "<group>"; };
		115340631EF37BD100707153 /* NetworkImageVC.h */ = {isa = PBXFileReference; fileEncoding = 4; lastKnownFileType = sourcecode.c.h; path = NetworkImageVC.h; sourceTree = "<group>"; };
		115340641EF37BD100707153 /* NetworkImageVC.m */ = {isa = PBXFileReference; fileEncoding = 4; lastKnownFileType = sourcecode.c.objc; path = NetworkImageVC.m; sourceTree = "<group>"; };
		11C4532D1EEEA44E00769BE0 /* CXPhotoBrower.app */ = {isa = PBXFileReference; explicitFileType = wrapper.application; includeInIndex = 0; path = CXPhotoBrower.app; sourceTree = BUILT_PRODUCTS_DIR; };
		11C453311EEEA44E00769BE0 /* main.m */ = {isa = PBXFileReference; lastKnownFileType = sourcecode.c.objc; path = main.m; sourceTree = "<group>"; };
		11C453331EEEA44E00769BE0 /* AppDelegate.h */ = {isa = PBXFileReference; lastKnownFileType = sourcecode.c.h; path = AppDelegate.h; sourceTree = "<group>"; };
		11C453341EEEA44E00769BE0 /* AppDelegate.m */ = {isa = PBXFileReference; lastKnownFileType = sourcecode.c.objc; path = AppDelegate.m; sourceTree = "<group>"; };
		11C453361EEEA44E00769BE0 /* ViewController.h */ = {isa = PBXFileReference; lastKnownFileType = sourcecode.c.h; path = ViewController.h; sourceTree = "<group>"; };
		11C453371EEEA44E00769BE0 /* ViewController.m */ = {isa = PBXFileReference; lastKnownFileType = sourcecode.c.objc; path = ViewController.m; sourceTree = "<group>"; };
		11C4533A1EEEA44E00769BE0 /* Base */ = {isa = PBXFileReference; lastKnownFileType = file.storyboard; name = Base; path = Base.lproj/Main.storyboard; sourceTree = "<group>"; };
		11C4533C1EEEA44E00769BE0 /* Assets.xcassets */ = {isa = PBXFileReference; lastKnownFileType = folder.assetcatalog; path = Assets.xcassets; sourceTree = "<group>"; };
		11C4533F1EEEA44E00769BE0 /* Base */ = {isa = PBXFileReference; lastKnownFileType = file.storyboard; name = Base; path = Base.lproj/LaunchScreen.storyboard; sourceTree = "<group>"; };
		11C453411EEEA44E00769BE0 /* Info.plist */ = {isa = PBXFileReference; lastKnownFileType = text.plist.xml; path = Info.plist; sourceTree = "<group>"; };
		11C453461EEEA44F00769BE0 /* CXPhotoBrowerTests.xctest */ = {isa = PBXFileReference; explicitFileType = wrapper.cfbundle; includeInIndex = 0; path = CXPhotoBrowerTests.xctest; sourceTree = BUILT_PRODUCTS_DIR; };
		11C4534A1EEEA44F00769BE0 /* CXPhotoBrowerTests.m */ = {isa = PBXFileReference; lastKnownFileType = sourcecode.c.objc; path = CXPhotoBrowerTests.m; sourceTree = "<group>"; };
		11C4534C1EEEA44F00769BE0 /* Info.plist */ = {isa = PBXFileReference; lastKnownFileType = text.plist.xml; path = Info.plist; sourceTree = "<group>"; };
		11C453511EEEA44F00769BE0 /* CXPhotoBrowerUITests.xctest */ = {isa = PBXFileReference; explicitFileType = wrapper.cfbundle; includeInIndex = 0; path = CXPhotoBrowerUITests.xctest; sourceTree = BUILT_PRODUCTS_DIR; };
		11C453551EEEA44F00769BE0 /* CXPhotoBrowerUITests.m */ = {isa = PBXFileReference; lastKnownFileType = sourcecode.c.objc; path = CXPhotoBrowerUITests.m; sourceTree = "<group>"; };
		11C453571EEEA44F00769BE0 /* Info.plist */ = {isa = PBXFileReference; lastKnownFileType = text.plist.xml; path = Info.plist; sourceTree = "<group>"; };
		11C453641EEF822E00769BE0 /* CXPhotoBrower.h */ = {isa = PBXFileReference; fileEncoding = 4; lastKnownFileType = sourcecode.c.h; path = CXPhotoBrower.h; sourceTree = "<group>"; };
		11C453651EEF822E00769BE0 /* CXPhotoBrower.m */ = {isa = PBXFileReference; fileEncoding = 4; lastKnownFileType = sourcecode.c.objc; path = CXPhotoBrower.m; sourceTree = "<group>"; };
		11C453671EEF825700769BE0 /* CXPhotoModel.h */ = {isa = PBXFileReference; fileEncoding = 4; lastKnownFileType = sourcecode.c.h; path = CXPhotoModel.h; sourceTree = "<group>"; };
		11C453681EEF825700769BE0 /* CXPhotoModel.m */ = {isa = PBXFileReference; fileEncoding = 4; lastKnownFileType = sourcecode.c.objc; path = CXPhotoModel.m; sourceTree = "<group>"; };
		11C4536A1EEF91AC00769BE0 /* CXPhotoImageView.h */ = {isa = PBXFileReference; fileEncoding = 4; lastKnownFileType = sourcecode.c.h; path = CXPhotoImageView.h; sourceTree = "<group>"; };
		11C4536B1EEF91AC00769BE0 /* CXPhotoImageView.m */ = {isa = PBXFileReference; fileEncoding = 4; lastKnownFileType = sourcecode.c.objc; path = CXPhotoImageView.m; sourceTree = "<group>"; };
		11C4536D1EEF91E900769BE0 /* CXPhotoCollectionCell.h */ = {isa = PBXFileReference; fileEncoding = 4; lastKnownFileType = sourcecode.c.h; path = CXPhotoCollectionCell.h; sourceTree = "<group>"; };
		11C4536E1EEF91E900769BE0 /* CXPhotoCollectionCell.m */ = {isa = PBXFileReference; fileEncoding = 4; lastKnownFileType = sourcecode.c.objc; path = CXPhotoCollectionCell.m; sourceTree = "<group>"; };
		11C453741EEFC70D00769BE0 /* CXPhotoPch.h */ = {isa = PBXFileReference; fileEncoding = 4; lastKnownFileType = sourcecode.c.h; path = CXPhotoPch.h; sourceTree = "<group>"; };
		11C453751EEFCDA600769BE0 /* 1.jpg */ = {isa = PBXFileReference; lastKnownFileType = image.jpeg; path = 1.jpg; sourceTree = "<group>"; };
		11C453761EEFCDA600769BE0 /* 2.jpg */ = {isa = PBXFileReference; lastKnownFileType = image.jpeg; path = 2.jpg; sourceTree = "<group>"; };
		11C453771EEFCDA600769BE0 /* 3.jpg */ = {isa = PBXFileReference; lastKnownFileType = image.jpeg; path = 3.jpg; sourceTree = "<group>"; };
		11C453781EEFCDA600769BE0 /* 4.jpg */ = {isa = PBXFileReference; lastKnownFileType = image.jpeg; path = 4.jpg; sourceTree = "<group>"; };
		11C453791EEFCDA600769BE0 /* 5.jpg */ = {isa = PBXFileReference; lastKnownFileType = image.jpeg; path = 5.jpg; sourceTree = "<group>"; };
		11C4537A1EEFCDA600769BE0 /* 6.jpg */ = {isa = PBXFileReference; lastKnownFileType = image.jpeg; path = 6.jpg; sourceTree = "<group>"; };
		11C4537B1EEFCDA600769BE0 /* 7.jpg */ = {isa = PBXFileReference; lastKnownFileType = image.jpeg; path = 7.jpg; sourceTree = "<group>"; };
		11C4537C1EEFCDA600769BE0 /* 8.jpg */ = {isa = PBXFileReference; lastKnownFileType = image.jpeg; path = 8.jpg; sourceTree = "<group>"; };
		11C4537D1EEFCDA600769BE0 /* 9.jpg */ = {isa = PBXFileReference; lastKnownFileType = image.jpeg; path = 9.jpg; sourceTree = "<group>"; };
		11DA652A1EF281B400C51CAB /* CXProgressHUD.h */ = {isa = PBXFileReference; fileEncoding = 4; lastKnownFileType = sourcecode.c.h; path = CXProgressHUD.h; sourceTree = "<group>"; };
		11DA652B1EF281B400C51CAB /* CXProgressHUD.m */ = {isa = PBXFileReference; fileEncoding = 4; lastKnownFileType = sourcecode.c.objc; path = CXProgressHUD.m; sourceTree = "<group>"; };
		949550FDCF3B52D7470BF887 /* Pods-CXPhotoBrower.release.xcconfig */ = {isa = PBXFileReference; includeInIndex = 1; lastKnownFileType = text.xcconfig; name = "Pods-CXPhotoBrower.release.xcconfig"; path = "Pods/Target Support Files/Pods-CXPhotoBrower/Pods-CXPhotoBrower.release.xcconfig"; sourceTree = "<group>"; };
		E53860C6FD958EFF9A7C973D /* libPods-CXPhotoBrower.a */ = {isa = PBXFileReference; explicitFileType = archive.ar; includeInIndex = 0; path = "libPods-CXPhotoBrower.a"; sourceTree = BUILT_PRODUCTS_DIR; };
		EC9A833910366CC05DC3D783 /* Pods-CXPhotoBrower.debug.xcconfig */ = {isa = PBXFileReference; includeInIndex = 1; lastKnownFileType = text.xcconfig; name = "Pods-CXPhotoBrower.debug.xcconfig"; path = "Pods/Target Support Files/Pods-CXPhotoBrower/Pods-CXPhotoBrower.debug.xcconfig"; sourceTree = "<group>"; };
/* End PBXFileReference section */

/* Begin PBXFrameworksBuildPhase section */
		11C4532A1EEEA44E00769BE0 /* Frameworks */ = {
			isa = PBXFrameworksBuildPhase;
			buildActionMask = 2147483647;
			files = (
				1D8E289ACA920CCBE6BB3D92 /* libPods-CXPhotoBrower.a in Frameworks */,
			);
			runOnlyForDeploymentPostprocessing = 0;
		};
		11C453431EEEA44F00769BE0 /* Frameworks */ = {
			isa = PBXFrameworksBuildPhase;
			buildActionMask = 2147483647;
			files = (
			);
			runOnlyForDeploymentPostprocessing = 0;
		};
		11C4534E1EEEA44F00769BE0 /* Frameworks */ = {
			isa = PBXFrameworksBuildPhase;
			buildActionMask = 2147483647;
			files = (
			);
			runOnlyForDeploymentPostprocessing = 0;
		};
/* End PBXFrameworksBuildPhase section */

/* Begin PBXGroup section */
		1153405F1EF37B9600707153 /* Class */ = {
			isa = PBXGroup;
			children = (
				115340601EF37BBA00707153 /* LocationImageVC.h */,
				115340611EF37BBA00707153 /* LocationImageVC.m */,
				115340631EF37BD100707153 /* NetworkImageVC.h */,
				115340641EF37BD100707153 /* NetworkImageVC.m */,
			);
			path = Class;
			sourceTree = "<group>";
		};
		11C453241EEEA44E00769BE0 = {
			isa = PBXGroup;
			children = (
				11C4532F1EEEA44E00769BE0 /* CXPhotoBrower */,
				11C453491EEEA44F00769BE0 /* CXPhotoBrowerTests */,
				11C453541EEEA44F00769BE0 /* CXPhotoBrowerUITests */,
				11C4532E1EEEA44E00769BE0 /* Products */,
				3C7E1A148745BEFE26112C00 /* Pods */,
				39D3B9CA8F7B5EF97F59511E /* Frameworks */,
			);
			sourceTree = "<group>";
		};
		11C4532E1EEEA44E00769BE0 /* Products */ = {
			isa = PBXGroup;
			children = (
				11C4532D1EEEA44E00769BE0 /* CXPhotoBrower.app */,
				11C453461EEEA44F00769BE0 /* CXPhotoBrowerTests.xctest */,
				11C453511EEEA44F00769BE0 /* CXPhotoBrowerUITests.xctest */,
			);
			name = Products;
			sourceTree = "<group>";
		};
		11C4532F1EEEA44E00769BE0 /* CXPhotoBrower */ = {
			isa = PBXGroup;
			children = (
				1153405F1EF37B9600707153 /* Class */,
				11C453631EEF810900769BE0 /* PhotoBrower */,
				11C453331EEEA44E00769BE0 /* AppDelegate.h */,
				11C453341EEEA44E00769BE0 /* AppDelegate.m */,
				11C453361EEEA44E00769BE0 /* ViewController.h */,
				11C453371EEEA44E00769BE0 /* ViewController.m */,
				11C453391EEEA44E00769BE0 /* Main.storyboard */,
				11C4533C1EEEA44E00769BE0 /* Assets.xcassets */,
				11C4533E1EEEA44E00769BE0 /* LaunchScreen.storyboard */,
				11C453411EEEA44E00769BE0 /* Info.plist */,
				11C453301EEEA44E00769BE0 /* Supporting Files */,
			);
			path = CXPhotoBrower;
			sourceTree = "<group>";
		};
		11C453301EEEA44E00769BE0 /* Supporting Files */ = {
			isa = PBXGroup;
			children = (
				11C453751EEFCDA600769BE0 /* 1.jpg */,
				11C453761EEFCDA600769BE0 /* 2.jpg */,
				11C453771EEFCDA600769BE0 /* 3.jpg */,
				11C453781EEFCDA600769BE0 /* 4.jpg */,
				11C453791EEFCDA600769BE0 /* 5.jpg */,
				11C4537A1EEFCDA600769BE0 /* 6.jpg */,
				11C4537B1EEFCDA600769BE0 /* 7.jpg */,
				11C4537C1EEFCDA600769BE0 /* 8.jpg */,
				11C4537D1EEFCDA600769BE0 /* 9.jpg */,
				11C453311EEEA44E00769BE0 /* main.m */,
			);
			name = "Supporting Files";
			sourceTree = "<group>";
		};
		11C453491EEEA44F00769BE0 /* CXPhotoBrowerTests */ = {
			isa = PBXGroup;
			children = (
				11C4534A1EEEA44F00769BE0 /* CXPhotoBrowerTests.m */,
				11C4534C1EEEA44F00769BE0 /* Info.plist */,
			);
			path = CXPhotoBrowerTests;
			sourceTree = "<group>";
		};
		11C453541EEEA44F00769BE0 /* CXPhotoBrowerUITests */ = {
			isa = PBXGroup;
			children = (
				11C453551EEEA44F00769BE0 /* CXPhotoBrowerUITests.m */,
				11C453571EEEA44F00769BE0 /* Info.plist */,
			);
			path = CXPhotoBrowerUITests;
			sourceTree = "<group>";
		};
		11C453631EEF810900769BE0 /* PhotoBrower */ = {
			isa = PBXGroup;
			children = (
				11C453641EEF822E00769BE0 /* CXPhotoBrower.h */,
				11C453651EEF822E00769BE0 /* CXPhotoBrower.m */,
				11C453671EEF825700769BE0 /* CXPhotoModel.h */,
				11C453681EEF825700769BE0 /* CXPhotoModel.m */,
				11C4536A1EEF91AC00769BE0 /* CXPhotoImageView.h */,
				11C4536B1EEF91AC00769BE0 /* CXPhotoImageView.m */,
				11C4536D1EEF91E900769BE0 /* CXPhotoCollectionCell.h */,
				11C4536E1EEF91E900769BE0 /* CXPhotoCollectionCell.m */,
				11C453741EEFC70D00769BE0 /* CXPhotoPch.h */,
				11DA652A1EF281B400C51CAB /* CXProgressHUD.h */,
				11DA652B1EF281B400C51CAB /* CXProgressHUD.m */,
			);
			path = PhotoBrower;
			sourceTree = "<group>";
		};
		39D3B9CA8F7B5EF97F59511E /* Frameworks */ = {
			isa = PBXGroup;
			children = (
				E53860C6FD958EFF9A7C973D /* libPods-CXPhotoBrower.a */,
			);
			name = Frameworks;
			sourceTree = "<group>";
		};
		3C7E1A148745BEFE26112C00 /* Pods */ = {
			isa = PBXGroup;
			children = (
				EC9A833910366CC05DC3D783 /* Pods-CXPhotoBrower.debug.xcconfig */,
				949550FDCF3B52D7470BF887 /* Pods-CXPhotoBrower.release.xcconfig */,
			);
			name = Pods;
			sourceTree = "<group>";
		};
/* End PBXGroup section */

/* Begin PBXNativeTarget section */
		11C4532C1EEEA44E00769BE0 /* CXPhotoBrower */ = {
			isa = PBXNativeTarget;
			buildConfigurationList = 11C4535A1EEEA44F00769BE0 /* Build configuration list for PBXNativeTarget "CXPhotoBrower" */;
			buildPhases = (
				39294B387D084B20F73C6C80 /* [CP] Check Pods Manifest.lock */,
				11C453291EEEA44E00769BE0 /* Sources */,
				11C4532A1EEEA44E00769BE0 /* Frameworks */,
				11C4532B1EEEA44E00769BE0 /* Resources */,
				DCFA4718969D136F689952AA /* [CP] Embed Pods Frameworks */,
				F430FF704C8C2411C3C00E20 /* [CP] Copy Pods Resources */,
			);
			buildRules = (
			);
			dependencies = (
			);
			name = CXPhotoBrower;
			productName = CXPhotoBrower;
			productReference = 11C4532D1EEEA44E00769BE0 /* CXPhotoBrower.app */;
			productType = "com.apple.product-type.application";
		};
		11C453451EEEA44F00769BE0 /* CXPhotoBrowerTests */ = {
			isa = PBXNativeTarget;
			buildConfigurationList = 11C4535D1EEEA44F00769BE0 /* Build configuration list for PBXNativeTarget "CXPhotoBrowerTests" */;
			buildPhases = (
				11C453421EEEA44F00769BE0 /* Sources */,
				11C453431EEEA44F00769BE0 /* Frameworks */,
				11C453441EEEA44F00769BE0 /* Resources */,
			);
			buildRules = (
			);
			dependencies = (
				11C453481EEEA44F00769BE0 /* PBXTargetDependency */,
			);
			name = CXPhotoBrowerTests;
			productName = CXPhotoBrowerTests;
			productReference = 11C453461EEEA44F00769BE0 /* CXPhotoBrowerTests.xctest */;
			productType = "com.apple.product-type.bundle.unit-test";
		};
		11C453501EEEA44F00769BE0 /* CXPhotoBrowerUITests */ = {
			isa = PBXNativeTarget;
			buildConfigurationList = 11C453601EEEA44F00769BE0 /* Build configuration list for PBXNativeTarget "CXPhotoBrowerUITests" */;
			buildPhases = (
				11C4534D1EEEA44F00769BE0 /* Sources */,
				11C4534E1EEEA44F00769BE0 /* Frameworks */,
				11C4534F1EEEA44F00769BE0 /* Resources */,
			);
			buildRules = (
			);
			dependencies = (
				11C453531EEEA44F00769BE0 /* PBXTargetDependency */,
			);
			name = CXPhotoBrowerUITests;
			productName = CXPhotoBrowerUITests;
			productReference = 11C453511EEEA44F00769BE0 /* CXPhotoBrowerUITests.xctest */;
			productType = "com.apple.product-type.bundle.ui-testing";
		};
/* End PBXNativeTarget section */

/* Begin PBXProject section */
		11C453251EEEA44E00769BE0 /* Project object */ = {
			isa = PBXProject;
			attributes = {
				LastUpgradeCheck = 0830;
				ORGANIZATIONNAME = bugWacko;
				TargetAttributes = {
					11C4532C1EEEA44E00769BE0 = {
						CreatedOnToolsVersion = 8.3.3;
						ProvisioningStyle = Automatic;
					};
					11C453451EEEA44F00769BE0 = {
						CreatedOnToolsVersion = 8.3.3;
						ProvisioningStyle = Automatic;
						TestTargetID = 11C4532C1EEEA44E00769BE0;
					};
					11C453501EEEA44F00769BE0 = {
						CreatedOnToolsVersion = 8.3.3;
						ProvisioningStyle = Automatic;
						TestTargetID = 11C4532C1EEEA44E00769BE0;
					};
				};
			};
			buildConfigurationList = 11C453281EEEA44E00769BE0 /* Build configuration list for PBXProject "CXPhotoBrower" */;
			compatibilityVersion = "Xcode 3.2";
			developmentRegion = English;
			hasScannedForEncodings = 0;
			knownRegions = (
				en,
				Base,
			);
			mainGroup = 11C453241EEEA44E00769BE0;
			productRefGroup = 11C4532E1EEEA44E00769BE0 /* Products */;
			projectDirPath = "";
			projectRoot = "";
			targets = (
				11C4532C1EEEA44E00769BE0 /* CXPhotoBrower */,
				11C453451EEEA44F00769BE0 /* CXPhotoBrowerTests */,
				11C453501EEEA44F00769BE0 /* CXPhotoBrowerUITests */,
			);
		};
/* End PBXProject section */

/* Begin PBXResourcesBuildPhase section */
		11C4532B1EEEA44E00769BE0 /* Resources */ = {
			isa = PBXResourcesBuildPhase;
			buildActionMask = 2147483647;
			files = (
				11C453851EEFCDA600769BE0 /* 8.jpg in Resources */,
				11C453831EEFCDA600769BE0 /* 6.jpg in Resources */,
				11C453401EEEA44E00769BE0 /* LaunchScreen.storyboard in Resources */,
				11C453821EEFCDA600769BE0 /* 5.jpg in Resources */,
				11C453811EEFCDA600769BE0 /* 4.jpg in Resources */,
				11C4537E1EEFCDA600769BE0 /* 1.jpg in Resources */,
				11C4537F1EEFCDA600769BE0 /* 2.jpg in Resources */,
				11C453801EEFCDA600769BE0 /* 3.jpg in Resources */,
				11C453841EEFCDA600769BE0 /* 7.jpg in Resources */,
				11C453861EEFCDA600769BE0 /* 9.jpg in Resources */,
				11C4533D1EEEA44E00769BE0 /* Assets.xcassets in Resources */,
				11C4533B1EEEA44E00769BE0 /* Main.storyboard in Resources */,
			);
			runOnlyForDeploymentPostprocessing = 0;
		};
		11C453441EEEA44F00769BE0 /* Resources */ = {
			isa = PBXResourcesBuildPhase;
			buildActionMask = 2147483647;
			files = (
			);
			runOnlyForDeploymentPostprocessing = 0;
		};
		11C4534F1EEEA44F00769BE0 /* Resources */ = {
			isa = PBXResourcesBuildPhase;
			buildActionMask = 2147483647;
			files = (
			);
			runOnlyForDeploymentPostprocessing = 0;
		};
/* End PBXResourcesBuildPhase section */

/* Begin PBXShellScriptBuildPhase section */
		39294B387D084B20F73C6C80 /* [CP] Check Pods Manifest.lock */ = {
			isa = PBXShellScriptBuildPhase;
			buildActionMask = 2147483647;
			files = (
			);
			inputPaths = (
			);
			name = "[CP] Check Pods Manifest.lock";
			outputPaths = (
			);
			runOnlyForDeploymentPostprocessing = 0;
			shellPath = /bin/sh;
			shellScript = "diff \"${PODS_ROOT}/../Podfile.lock\" \"${PODS_ROOT}/Manifest.lock\" > /dev/null\nif [ $? != 0 ] ; then\n    # print error to STDERR\n    echo \"error: The sandbox is not in sync with the Podfile.lock. Run 'pod install' or update your CocoaPods installation.\" >&2\n    exit 1\nfi\n";
			showEnvVarsInLog = 0;
		};
		DCFA4718969D136F689952AA /* [CP] Embed Pods Frameworks */ = {
			isa = PBXShellScriptBuildPhase;
			buildActionMask = 2147483647;
			files = (
			);
			inputPaths = (
			);
			name = "[CP] Embed Pods Frameworks";
			outputPaths = (
			);
			runOnlyForDeploymentPostprocessing = 0;
			shellPath = /bin/sh;
			shellScript = "\"${SRCROOT}/Pods/Target Support Files/Pods-CXPhotoBrower/Pods-CXPhotoBrower-frameworks.sh\"\n";
			showEnvVarsInLog = 0;
		};
		F430FF704C8C2411C3C00E20 /* [CP] Copy Pods Resources */ = {
			isa = PBXShellScriptBuildPhase;
			buildActionMask = 2147483647;
			files = (
			);
			inputPaths = (
			);
			name = "[CP] Copy Pods Resources";
			outputPaths = (
			);
			runOnlyForDeploymentPostprocessing = 0;
			shellPath = /bin/sh;
			shellScript = "\"${SRCROOT}/Pods/Target Support Files/Pods-CXPhotoBrower/Pods-CXPhotoBrower-resources.sh\"\n";
			showEnvVarsInLog = 0;
		};
/* End PBXShellScriptBuildPhase section */

/* Begin PBXSourcesBuildPhase section */
		11C453291EEEA44E00769BE0 /* Sources */ = {
			isa = PBXSourcesBuildPhase;
			buildActionMask = 2147483647;
			files = (
				11C4536F1EEF91E900769BE0 /* CXPhotoCollectionCell.m in Sources */,
				11C4536C1EEF91AC00769BE0 /* CXPhotoImageView.m in Sources */,
				11C453691EEF825700769BE0 /* CXPhotoModel.m in Sources */,
				115340651EF37BD100707153 /* NetworkImageVC.m in Sources */,
				11DA652C1EF281B400C51CAB /* CXProgressHUD.m in Sources */,
				115340621EF37BBA00707153 /* LocationImageVC.m in Sources */,
				11C453661EEF822E00769BE0 /* CXPhotoBrower.m in Sources */,
				11C453381EEEA44E00769BE0 /* ViewController.m in Sources */,
				11C453351EEEA44E00769BE0 /* AppDelegate.m in Sources */,
				11C453321EEEA44E00769BE0 /* main.m in Sources */,
			);
			runOnlyForDeploymentPostprocessing = 0;
		};
		11C453421EEEA44F00769BE0 /* Sources */ = {
			isa = PBXSourcesBuildPhase;
			buildActionMask = 2147483647;
			files = (
				11C4534B1EEEA44F00769BE0 /* CXPhotoBrowerTests.m in Sources */,
			);
			runOnlyForDeploymentPostprocessing = 0;
		};
		11C4534D1EEEA44F00769BE0 /* Sources */ = {
			isa = PBXSourcesBuildPhase;
			buildActionMask = 2147483647;
			files = (
				11C453561EEEA44F00769BE0 /* CXPhotoBrowerUITests.m in Sources */,
			);
			runOnlyForDeploymentPostprocessing = 0;
		};
/* End PBXSourcesBuildPhase section */

/* Begin PBXTargetDependency section */
		11C453481EEEA44F00769BE0 /* PBXTargetDependency */ = {
			isa = PBXTargetDependency;
			target = 11C4532C1EEEA44E00769BE0 /* CXPhotoBrower */;
			targetProxy = 11C453471EEEA44F00769BE0 /* PBXContainerItemProxy */;
		};
		11C453531EEEA44F00769BE0 /* PBXTargetDependency */ = {
			isa = PBXTargetDependency;
			target = 11C4532C1EEEA44E00769BE0 /* CXPhotoBrower */;
			targetProxy = 11C453521EEEA44F00769BE0 /* PBXContainerItemProxy */;
		};
/* End PBXTargetDependency section */

/* Begin PBXVariantGroup section */
		11C453391EEEA44E00769BE0 /* Main.storyboard */ = {
			isa = PBXVariantGroup;
			children = (
				11C4533A1EEEA44E00769BE0 /* Base */,
			);
			name = Main.storyboard;
			sourceTree = "<group>";
		};
		11C4533E1EEEA44E00769BE0 /* LaunchScreen.storyboard */ = {
			isa = PBXVariantGroup;
			children = (
				11C4533F1EEEA44E00769BE0 /* Base */,
			);
			name = LaunchScreen.storyboard;
			sourceTree = "<group>";
		};
/* End PBXVariantGroup section */

/* Begin XCBuildConfiguration section */
		11C453581EEEA44F00769BE0 /* Debug */ = {
			isa = XCBuildConfiguration;
			buildSettings = {
				ALWAYS_SEARCH_USER_PATHS = NO;
				CLANG_ANALYZER_NONNULL = YES;
				CLANG_ANALYZER_NUMBER_OBJECT_CONVERSION = YES_AGGRESSIVE;
				CLANG_CXX_LANGUAGE_STANDARD = "gnu++0x";
				CLANG_CXX_LIBRARY = "libc++";
				CLANG_ENABLE_MODULES = YES;
				CLANG_ENABLE_OBJC_ARC = YES;
				CLANG_WARN_BOOL_CONVERSION = YES;
				CLANG_WARN_CONSTANT_CONVERSION = YES;
				CLANG_WARN_DIRECT_OBJC_ISA_USAGE = YES_ERROR;
				CLANG_WARN_DOCUMENTATION_COMMENTS = YES;
				CLANG_WARN_EMPTY_BODY = YES;
				CLANG_WARN_ENUM_CONVERSION = YES;
				CLANG_WARN_INFINITE_RECURSION = YES;
				CLANG_WARN_INT_CONVERSION = YES;
				CLANG_WARN_OBJC_ROOT_CLASS = YES_ERROR;
				CLANG_WARN_SUSPICIOUS_MOVE = YES;
				CLANG_WARN_UNREACHABLE_CODE = YES;
				CLANG_WARN__DUPLICATE_METHOD_MATCH = YES;
				"CODE_SIGN_IDENTITY[sdk=iphoneos*]" = "iPhone Developer";
				COPY_PHASE_STRIP = NO;
				DEBUG_INFORMATION_FORMAT = dwarf;
				ENABLE_STRICT_OBJC_MSGSEND = YES;
				ENABLE_TESTABILITY = YES;
				GCC_C_LANGUAGE_STANDARD = gnu99;
				GCC_DYNAMIC_NO_PIC = NO;
				GCC_NO_COMMON_BLOCKS = YES;
				GCC_OPTIMIZATION_LEVEL = 0;
				GCC_PREPROCESSOR_DEFINITIONS = (
					"DEBUG=1",
					"$(inherited)",
				);
				GCC_WARN_64_TO_32_BIT_CONVERSION = YES;
				GCC_WARN_ABOUT_RETURN_TYPE = YES_ERROR;
				GCC_WARN_UNDECLARED_SELECTOR = YES;
				GCC_WARN_UNINITIALIZED_AUTOS = YES_AGGRESSIVE;
				GCC_WARN_UNUSED_FUNCTION = YES;
				GCC_WARN_UNUSED_VARIABLE = YES;
				IPHONEOS_DEPLOYMENT_TARGET = 10.3;
				MTL_ENABLE_DEBUG_INFO = YES;
				ONLY_ACTIVE_ARCH = YES;
				SDKROOT = iphoneos;
			};
			name = Debug;
		};
		11C453591EEEA44F00769BE0 /* Release */ = {
			isa = XCBuildConfiguration;
			buildSettings = {
				ALWAYS_SEARCH_USER_PATHS = NO;
				CLANG_ANALYZER_NONNULL = YES;
				CLANG_ANALYZER_NUMBER_OBJECT_CONVERSION = YES_AGGRESSIVE;
				CLANG_CXX_LANGUAGE_STANDARD = "gnu++0x";
				CLANG_CXX_LIBRARY = "libc++";
				CLANG_ENABLE_MODULES = YES;
				CLANG_ENABLE_OBJC_ARC = YES;
				CLANG_WARN_BOOL_CONVERSION = YES;
				CLANG_WARN_CONSTANT_CONVERSION = YES;
				CLANG_WARN_DIRECT_OBJC_ISA_USAGE = YES_ERROR;
				CLANG_WARN_DOCUMENTATION_COMMENTS = YES;
				CLANG_WARN_EMPTY_BODY = YES;
				CLANG_WARN_ENUM_CONVERSION = YES;
				CLANG_WARN_INFINITE_RECURSION = YES;
				CLANG_WARN_INT_CONVERSION = YES;
				CLANG_WARN_OBJC_ROOT_CLASS = YES_ERROR;
				CLANG_WARN_SUSPICIOUS_MOVE = YES;
				CLANG_WARN_UNREACHABLE_CODE = YES;
				CLANG_WARN__DUPLICATE_METHOD_MATCH = YES;
				"CODE_SIGN_IDENTITY[sdk=iphoneos*]" = "iPhone Developer";
				COPY_PHASE_STRIP = NO;
				DEBUG_INFORMATION_FORMAT = "dwarf-with-dsym";
				ENABLE_NS_ASSERTIONS = NO;
				ENABLE_STRICT_OBJC_MSGSEND = YES;
				GCC_C_LANGUAGE_STANDARD = gnu99;
				GCC_NO_COMMON_BLOCKS = YES;
				GCC_WARN_64_TO_32_BIT_CONVERSION = YES;
				GCC_WARN_ABOUT_RETURN_TYPE = YES_ERROR;
				GCC_WARN_UNDECLARED_SELECTOR = YES;
				GCC_WARN_UNINITIALIZED_AUTOS = YES_AGGRESSIVE;
				GCC_WARN_UNUSED_FUNCTION = YES;
				GCC_WARN_UNUSED_VARIABLE = YES;
				IPHONEOS_DEPLOYMENT_TARGET = 10.3;
				MTL_ENABLE_DEBUG_INFO = NO;
				SDKROOT = iphoneos;
				VALIDATE_PRODUCT = YES;
			};
			name = Release;
		};
		11C4535B1EEEA44F00769BE0 /* Debug */ = {
			isa = XCBuildConfiguration;
			baseConfigurationReference = EC9A833910366CC05DC3D783 /* Pods-CXPhotoBrower.debug.xcconfig */;
			buildSettings = {
				ASSETCATALOG_COMPILER_APPICON_NAME = AppIcon;
				INFOPLIST_FILE = CXPhotoBrower/Info.plist;
				LD_RUNPATH_SEARCH_PATHS = "$(inherited) @executable_path/Frameworks";
				PRODUCT_BUNDLE_IDENTIFIER = com.bugwacko.test.CXPhotoBrower;
				PRODUCT_NAME = "$(TARGET_NAME)";
			};
			name = Debug;
		};
		11C4535C1EEEA44F00769BE0 /* Release */ = {
			isa = XCBuildConfiguration;
			baseConfigurationReference = 949550FDCF3B52D7470BF887 /* Pods-CXPhotoBrower.release.xcconfig */;
			buildSettings = {
				ASSETCATALOG_COMPILER_APPICON_NAME = AppIcon;
				INFOPLIST_FILE = CXPhotoBrower/Info.plist;
				LD_RUNPATH_SEARCH_PATHS = "$(inherited) @executable_path/Frameworks";
				PRODUCT_BUNDLE_IDENTIFIER = com.bugwacko.test.CXPhotoBrower;
				PRODUCT_NAME = "$(TARGET_NAME)";
			};
			name = Release;
		};
		11C4535E1EEEA44F00769BE0 /* Debug */ = {
			isa = XCBuildConfiguration;
			buildSettings = {
				BUNDLE_LOADER = "$(TEST_HOST)";
				INFOPLIST_FILE = CXPhotoBrowerTests/Info.plist;
				LD_RUNPATH_SEARCH_PATHS = "$(inherited) @executable_path/Frameworks @loader_path/Frameworks";
				PRODUCT_BUNDLE_IDENTIFIER = com.bugwacko.test.CXPhotoBrowerTests;
				PRODUCT_NAME = "$(TARGET_NAME)";
				TEST_HOST = "$(BUILT_PRODUCTS_DIR)/CXPhotoBrower.app/CXPhotoBrower";
			};
			name = Debug;
		};
		11C4535F1EEEA44F00769BE0 /* Release */ = {
			isa = XCBuildConfiguration;
			buildSettings = {
				BUNDLE_LOADER = "$(TEST_HOST)";
				INFOPLIST_FILE = CXPhotoBrowerTests/Info.plist;
				LD_RUNPATH_SEARCH_PATHS = "$(inherited) @executable_path/Frameworks @loader_path/Frameworks";
				PRODUCT_BUNDLE_IDENTIFIER = com.bugwacko.test.CXPhotoBrowerTests;
				PRODUCT_NAME = "$(TARGET_NAME)";
				TEST_HOST = "$(BUILT_PRODUCTS_DIR)/CXPhotoBrower.app/CXPhotoBrower";
			};
			name = Release;
		};
		11C453611EEEA44F00769BE0 /* Debug */ = {
			isa = XCBuildConfiguration;
			buildSettings = {
				INFOPLIST_FILE = CXPhotoBrowerUITests/Info.plist;
				LD_RUNPATH_SEARCH_PATHS = "$(inherited) @executable_path/Frameworks @loader_path/Frameworks";
				PRODUCT_BUNDLE_IDENTIFIER = com.bugwacko.test.CXPhotoBrowerUITests;
				PRODUCT_NAME = "$(TARGET_NAME)";
				TEST_TARGET_NAME = CXPhotoBrower;
			};
			name = Debug;
		};
		11C453621EEEA44F00769BE0 /* Release */ = {
			isa = XCBuildConfiguration;
			buildSettings = {
				INFOPLIST_FILE = CXPhotoBrowerUITests/Info.plist;
				LD_RUNPATH_SEARCH_PATHS = "$(inherited) @executable_path/Frameworks @loader_path/Frameworks";
				PRODUCT_BUNDLE_IDENTIFIER = com.bugwacko.test.CXPhotoBrowerUITests;
				PRODUCT_NAME = "$(TARGET_NAME)";
				TEST_TARGET_NAME = CXPhotoBrower;
			};
			name = Release;
		};
/* End XCBuildConfiguration section */

/* Begin XCConfigurationList section */
		11C453281EEEA44E00769BE0 /* Build configuration list for PBXProject "CXPhotoBrower" */ = {
			isa = XCConfigurationList;
			buildConfigurations = (
				11C453581EEEA44F00769BE0 /* Debug */,
				11C453591EEEA44F00769BE0 /* Release */,
			);
			defaultConfigurationIsVisible = 0;
			defaultConfigurationName = Release;
		};
		11C4535A1EEEA44F00769BE0 /* Build configuration list for PBXNativeTarget "CXPhotoBrower" */ = {
			isa = XCConfigurationList;
			buildConfigurations = (
				11C4535B1EEEA44F00769BE0 /* Debug */,
				11C4535C1EEEA44F00769BE0 /* Release */,
			);
			defaultConfigurationIsVisible = 0;
			defaultConfigurationName = Release;
		};
		11C4535D1EEEA44F00769BE0 /* Build configuration list for PBXNativeTarget "CXPhotoBrowerTests" */ = {
			isa = XCConfigurationList;
			buildConfigurations = (
				11C4535E1EEEA44F00769BE0 /* Debug */,
				11C4535F1EEEA44F00769BE0 /* Release */,
			);
			defaultConfigurationIsVisible = 0;
			defaultConfigurationName = Release;
		};
		11C453601EEEA44F00769BE0 /* Build configuration list for PBXNativeTarget "CXPhotoBrowerUITests" */ = {
			isa = XCConfigurationList;
			buildConfigurations = (
				11C453611EEEA44F00769BE0 /* Debug */,
				11C453621EEEA44F00769BE0 /* Release */,
			);
			defaultConfigurationIsVisible = 0;
			defaultConfigurationName = Release;
		};
/* End XCConfigurationList section */
	};
	rootObject = 11C453251EEEA44E00769BE0 /* Project object */;
}
